{
  "name": "hasanah",
  "lockfileVersion": 3,
  "requires": true,
  "packages": {
    "": {
      "dependencies": {
        "dotenv": "^16.4.6"
      }
    },
    "node_modules/dotenv": {
      "version": "16.4.6",
      "resolved": "https://registry.npmjs.org/dotenv/-/dotenv-16.4.6.tgz",
      "integrity": "sha512-JhcR/+KIjkkjiU8yEpaB/USlzVi3i5whwOjpIRNGi9svKEXZSe+Qp6IWAjFjv+2GViAoDRCUv/QLNziQxsLqDg==",
      "engines": {
        "node": ">=12"
      },
      "funding": {
        "url": "https://dotenvx.com"
      }
    }
  }
}
